
Microsoft Visual Studio Solution File, Format Version 12.00
# Visual Studio Version 17
VisualStudioVersion = 17.14.36109.1
MinimumVisualStudioVersion = 10.0.40219.1
Project("{FAE04EC0-301F-11D3-BF4B-00C04F79EFBC}") = "Investimentos", "Investimentos.csproj", "{BAA8C986-25AA-438F-84E2-182F401A8013}"
EndProject
Global
	GlobalSection(SolutionConfigurationPlatforms) = preSolution
		Debug|Any CPU = Debug|Any CPU
		Release|Any CPU = Release|Any CPU
	EndGlobalSection
	GlobalSection(ProjectConfigurationPlatforms) = postSolution
		{BAA8C986-25AA-438F-84E2-182F401A8013}.Debug|Any CPU.ActiveCfg = Debug|Any CPU
		{BAA8C986-25AA-438F-84E2-182F401A8013}.Debug|Any CPU.Build.0 = Debug|Any CPU
		{BAA8C986-25AA-438F-84E2-182F401A8013}.Release|Any CPU.ActiveCfg = Release|Any CPU
		{BAA8C986-25AA-438F-84E2-182F401A8013}.Release|Any CPU.Build.0 = Release|Any CPU
	EndGlobalSection
	GlobalSection(SolutionProperties) = preSolution
		HideSolutionNode = FALSE
	EndGlobalSection
	GlobalSection(ExtensibilityGlobals) = postSolution
		SolutionGuid = {607095C9-BE3D-4EBF-B5B5-DF83FB0600AF}
	EndGlobalSection
EndGlobal
